# THIS IS AN AUTOGENERATED FILE. DO NOT EDIT THIS FILE DIRECTLY.
# yarn lockfile v1


devalue@^5.1.1:
  version "5.6.4"
  resolved "https://registry.yarnpkg.com/devalue/-/devalue-5.6.4.tgz#aec6cdba0e4109543b40c94d46e2b87bf8af8de5"
  integrity sha512-Gp6rDldRsFh/7XuouDbxMH3Mx8GMCcgzIb1pDTvNyn8pZGQ22u+Wa+lGV9dQCltFQ7uVw0MhRyb8XDskNFOReA==
